{
  "name": "test-task-api",
  "lockfileVersion": 2,
  "requires": true,
  "packages": {
    "": {
      "dependencies": {
        "htmlhintrc": "^1.0.1"
      }
    },
    "node_modules/htmlhintrc": {
      "version": "1.0.1",
      "resolved": "https://registry.npmjs.org/htmlhintrc/-/htmlhintrc-1.0.1.tgz",
      "integrity": "sha1-p78/UyULdb5+1lWUn2NEd3x9WUU="
    }
  },
  "dependencies": {
    "htmlhintrc": {
      "version": "1.0.1",
      "resolved": "https://registry.npmjs.org/htmlhintrc/-/htmlhintrc-1.0.1.tgz",
      "integrity": "sha1-p78/UyULdb5+1lWUn2NEd3x9WUU="
    }
  }
}
